
Microsoft Visual Studio Solution File, Format Version 12.00
# Visual Studio Version 17
VisualStudioVersion = 17.4.33006.217
MinimumVisualStudioVersion = 10.0.40219.1
Project("{2150E333-8FDC-42A3-9474-1A3956D46DE8}") = "src", "src", "{D066F03D-B41C-4691-9397-17779DD1E2A8}"
EndProject
Project("{9A19103F-16F7-4668-BE54-9A1E7A4F7556}") = "Masa.Docs.Server", "src\Masa.Docs.Server\Masa.Docs.Server.csproj", "{7272D2BD-B41B-4F2D-9A2E-3A3E286E8C7C}"
EndProject
Project("{9A19103F-16F7-4668-BE54-9A1E7A4F7556}") = "Masa.Docs.Shared", "src\Masa.Docs.Shared\Masa.Docs.Shared.csproj", "{D7D25E81-039E-4E65-8040-E214A29212C3}"
EndProject
Project("{9A19103F-16F7-4668-BE54-9A1E7A4F7556}") = "Masa.Stack.Docs", "src\Masa.Stack.Docs\Masa.Stack.Docs.csproj", "{A57B22F7-3456-4A76-A0F5-9E65952EB930}"
EndProject
Global
	GlobalSection(SolutionConfigurationPlatforms) = preSolution
		Debug|Any CPU = Debug|Any CPU
		Release|Any CPU = Release|Any CPU
	EndGlobalSection
	GlobalSection(ProjectConfigurationPlatforms) = postSolution
		{7272D2BD-B41B-4F2D-9A2E-3A3E286E8C7C}.Debug|Any CPU.ActiveCfg = Debug|Any CPU
		{7272D2BD-B41B-4F2D-9A2E-3A3E286E8C7C}.Debug|Any CPU.Build.0 = Debug|Any CPU
		{7272D2BD-B41B-4F2D-9A2E-3A3E286E8C7C}.Release|Any CPU.ActiveCfg = Release|Any CPU
		{7272D2BD-B41B-4F2D-9A2E-3A3E286E8C7C}.Release|Any CPU.Build.0 = Release|Any CPU
		{D7D25E81-039E-4E65-8040-E214A29212C3}.Debug|Any CPU.ActiveCfg = Debug|Any CPU
		{D7D25E81-039E-4E65-8040-E214A29212C3}.Debug|Any CPU.Build.0 = Debug|Any CPU
		{D7D25E81-039E-4E65-8040-E214A29212C3}.Release|Any CPU.ActiveCfg = Release|Any CPU
		{D7D25E81-039E-4E65-8040-E214A29212C3}.Release|Any CPU.Build.0 = Release|Any CPU
		{A57B22F7-3456-4A76-A0F5-9E65952EB930}.Debug|Any CPU.ActiveCfg = Debug|Any CPU
		{A57B22F7-3456-4A76-A0F5-9E65952EB930}.Debug|Any CPU.Build.0 = Debug|Any CPU
		{A57B22F7-3456-4A76-A0F5-9E65952EB930}.Release|Any CPU.ActiveCfg = Release|Any CPU
		{A57B22F7-3456-4A76-A0F5-9E65952EB930}.Release|Any CPU.Build.0 = Release|Any CPU
	EndGlobalSection
	GlobalSection(SolutionProperties) = preSolution
		HideSolutionNode = FALSE
	EndGlobalSection
	GlobalSection(NestedProjects) = preSolution
		{7272D2BD-B41B-4F2D-9A2E-3A3E286E8C7C} = {D066F03D-B41C-4691-9397-17779DD1E2A8}
		{D7D25E81-039E-4E65-8040-E214A29212C3} = {D066F03D-B41C-4691-9397-17779DD1E2A8}
		{A57B22F7-3456-4A76-A0F5-9E65952EB930} = {D066F03D-B41C-4691-9397-17779DD1E2A8}
	EndGlobalSection
	GlobalSection(ExtensibilityGlobals) = postSolution
		SolutionGuid = {0C1B4583-A846-4B30-B66D-5663F840065F}
	EndGlobalSection
EndGlobal
